
Microsoft Visual Studio Solution File, Format Version 12.00
# Visual Studio Version 16
VisualStudioVersion = 16.0.30907.101
MinimumVisualStudioVersion = 10.0.40219.1
Project("{FAE04EC0-301F-11D3-BF4B-00C04F79EFBC}") = "MoreyAssignment4", "MoreyAssignment4.csproj", "{CE4CDE07-C923-49DA-AEE1-28EE2E43E34B}"
EndProject
Global
	GlobalSection(SolutionConfigurationPlatforms) = preSolution
		Debug|Any CPU = Debug|Any CPU
		Release|Any CPU = Release|Any CPU
	EndGlobalSection
	GlobalSection(ProjectConfigurationPlatforms) = postSolution
		{CE4CDE07-C923-49DA-AEE1-28EE2E43E34B}.Debug|Any CPU.ActiveCfg = Debug|Any CPU
		{CE4CDE07-C923-49DA-AEE1-28EE2E43E34B}.Debug|Any CPU.Build.0 = Debug|Any CPU
		{CE4CDE07-C923-49DA-AEE1-28EE2E43E34B}.Release|Any CPU.ActiveCfg = Release|Any CPU
		{CE4CDE07-C923-49DA-AEE1-28EE2E43E34B}.Release|Any CPU.Build.0 = Release|Any CPU
	EndGlobalSection
	GlobalSection(SolutionProperties) = preSolution
		HideSolutionNode = FALSE
	EndGlobalSection
	GlobalSection(ExtensibilityGlobals) = postSolution
		SolutionGuid = {C9F930A4-E91C-48ED-AF39-022E8104060D}
	EndGlobalSection
EndGlobal
